
Microsoft Visual Studio Solution File, Format Version 12.00
# Visual Studio Version 17
VisualStudioVersion = 17.8.34511.84
MinimumVisualStudioVersion = 10.0.40219.1
Project("{FAE04EC0-301F-11D3-BF4B-00C04F79EFBC}") = "BlazorDay1Alex", "BlazorDay1Alex\BlazorDay1Alex.csproj", "{4D82CB66-4285-4540-9D96-B8F0945C9A2A}"
EndProject
Global
	GlobalSection(SolutionConfigurationPlatforms) = preSolution
		Debug|Any CPU = Debug|Any CPU
		Release|Any CPU = Release|Any CPU
	EndGlobalSection
	GlobalSection(ProjectConfigurationPlatforms) = postSolution
		{4D82CB66-4285-4540-9D96-B8F0945C9A2A}.Debug|Any CPU.ActiveCfg = Debug|Any CPU
		{4D82CB66-4285-4540-9D96-B8F0945C9A2A}.Debug|Any CPU.Build.0 = Debug|Any CPU
		{4D82CB66-4285-4540-9D96-B8F0945C9A2A}.Release|Any CPU.ActiveCfg = Release|Any CPU
		{4D82CB66-4285-4540-9D96-B8F0945C9A2A}.Release|Any CPU.Build.0 = Release|Any CPU
	EndGlobalSection
	GlobalSection(SolutionProperties) = preSolution
		HideSolutionNode = FALSE
	EndGlobalSection
	GlobalSection(ExtensibilityGlobals) = postSolution
		SolutionGuid = {47B02A67-E48E-4900-AFFD-7F15BFC2D33E}
	EndGlobalSection
EndGlobal
